
Microsoft Visual Studio Solution File, Format Version 12.00
# Visual Studio Version 17
VisualStudioVersion = 17.11.34909.67
MinimumVisualStudioVersion = 10.0.40219.1
Project("{FAE04EC0-301F-11D3-BF4B-00C04F79EFBC}") = "CCAYEF", "CCAYEF\CCAYEF.csproj", "{6883EEED-9CF6-4F8F-B43E-F30F4DA9ABF7}"
EndProject
Global
	GlobalSection(SolutionConfigurationPlatforms) = preSolution
		Debug|Any CPU = Debug|Any CPU
		Release|Any CPU = Release|Any CPU
	EndGlobalSection
	GlobalSection(ProjectConfigurationPlatforms) = postSolution
		{6883EEED-9CF6-4F8F-B43E-F30F4DA9ABF7}.Debug|Any CPU.ActiveCfg = Debug|Any CPU
		{6883EEED-9CF6-4F8F-B43E-F30F4DA9ABF7}.Debug|Any CPU.Build.0 = Debug|Any CPU
		{6883EEED-9CF6-4F8F-B43E-F30F4DA9ABF7}.Release|Any CPU.ActiveCfg = Release|Any CPU
		{6883EEED-9CF6-4F8F-B43E-F30F4DA9ABF7}.Release|Any CPU.Build.0 = Release|Any CPU
	EndGlobalSection
	GlobalSection(SolutionProperties) = preSolution
		HideSolutionNode = FALSE
	EndGlobalSection
	GlobalSection(ExtensibilityGlobals) = postSolution
		SolutionGuid = {9AA8C698-292C-4A99-86D9-2E0A7916A6A2}
	EndGlobalSection
EndGlobal
